// !$*UTF8*$!
{
	archiveVersion = 1;
	classes = {
	};
	objectVersion = 46;
	objects = {

/* Begin PBXBuildFile section */
		6E129DF51DE738A1002D3CC0 /* AppDelegate.swift in Sources */ = {isa = PBXBuildFile; fileRef = 6E129DF41DE738A1002D3CC0 /* AppDelegate.swift */; };
		6E129DF71DE738A2002D3CC0 /* ViewController.swift in Sources */ = {isa = PBXBuildFile; fileRef = 6E129DF61DE738A2002D3CC0 /* ViewController.swift */; };
		6E129DFA1DE738A2002D3CC0 /* Main.storyboard in Resources */ = {isa = PBXBuildFile; fileRef = 6E129DF81DE738A2002D3CC0 /* Main.storyboard */; };
		6E129DFC1DE738A2002D3CC0 /* Assets.xcassets in Resources */ = {isa = PBXBuildFile; fileRef = 6E129DFB1DE738A2002D3CC0 /* Assets.xcassets */; };
		6E129DFF1DE738A2002D3CC0 /* LaunchScreen.storyboard in Resources */ = {isa = PBXBuildFile; fileRef = 6E129DFD1DE738A2002D3CC0 /* LaunchScreen.storyboard */; };
		6E129E0A1DE738A3002D3CC0 /* EarthQuake_ShelterTests.swift in Sources */ = {isa = PBXBuildFile; fileRef = 6E129E091DE738A3002D3CC0 /* EarthQuake_ShelterTests.swift */; };
		6E129E151DE738A3002D3CC0 /* EarthQuake_ShelterUITests.swift in Sources */ = {isa = PBXBuildFile; fileRef = 6E129E141DE738A3002D3CC0 /* EarthQuake_ShelterUITests.swift */; };
		6E129E241DE73AB6002D3CC0 /* MapKit.framework in Frameworks */ = {isa = PBXBuildFile; fileRef = 6E129E231DE73AB6002D3CC0 /* MapKit.framework */; };
		6E129E271DE740C9002D3CC0 /* NumericOperatorOverloadingExtensions.swift in Sources */ = {isa = PBXBuildFile; fileRef = 6E129E251DE740C9002D3CC0 /* NumericOperatorOverloadingExtensions.swift */; };
		6E129E2C1DE74C07002D3CC0 /* ShelterPoint.swift in Sources */ = {isa = PBXBuildFile; fileRef = 6E129E2B1DE74C07002D3CC0 /* ShelterPoint.swift */; };
		6E8FCE8F1DF5252200587873 /* TableViewController.swift in Sources */ = {isa = PBXBuildFile; fileRef = 6E8FCE8E1DF5252200587873 /* TableViewController.swift */; };
/* End PBXBuildFile section */

/* Begin PBXContainerItemProxy section */
		6E129E061DE738A3002D3CC0 /* PBXContainerItemProxy */ = {
			isa = PBXContainerItemProxy;
			containerPortal = 6E129DE91DE738A1002D3CC0 /* Project object */;
			proxyType = 1;
			remoteGlobalIDString = 6E129DF01DE738A1002D3CC0;
			remoteInfo = EarthQuake_Shelter;
		};
		6E129E111DE738A3002D3CC0 /* PBXContainerItemProxy */ = {
			isa = PBXContainerItemProxy;
			containerPortal = 6E129DE91DE738A1002D3CC0 /* Project object */;
			proxyType = 1;
			remoteGlobalIDString = 6E129DF01DE738A1002D3CC0;
			remoteInfo = EarthQuake_Shelter;
		};
/* End PBXContainerItemProxy section */

/* Begin PBXFileReference section */
		6E129DF11DE738A1002D3CC0 /* EarthQuake_Shelter.app */ = {isa = PBXFileReference; explicitFileType = wrapper.application; includeInIndex = 0; path = EarthQuake_Shelter.app; sourceTree = BUILT_PRODUCTS_DIR; };
		6E129DF41DE738A1002D3CC0 /* AppDelegate.swift */ = {isa = PBXFileReference; lastKnownFileType = sourcecode.swift; path = AppDelegate.swift; sourceTree = "<group>"; };
		6E129DF61DE738A2002D3CC0 /* ViewController.swift */ = {isa = PBXFileReference; lastKnownFileType = sourcecode.swift; path = ViewController.swift; sourceTree = "<group>"; };
		6E129DF91DE738A2002D3CC0 /* Base */ = {isa = PBXFileReference; lastKnownFileType = file.storyboard; name = Base; path = Base.lproj/Main.storyboard; sourceTree = "<group>"; };
		6E129DFB1DE738A2002D3CC0 /* Assets.xcassets */ = {isa = PBXFileReference; lastKnownFileType = folder.assetcatalog; path = Assets.xcassets; sourceTree = "<group>"; };
		6E129DFE1DE738A2002D3CC0 /* Base */ = {isa = PBXFileReference; lastKnownFileType = file.storyboard; name = Base; path = Base.lproj/LaunchScreen.storyboard; sourceTree = "<group>"; };
		6E129E001DE738A2002D3CC0 /* Info.plist */ = {isa = PBXFileReference; lastKnownFileType = text.plist.xml; path = Info.plist; sourceTree = "<group>"; };
		6E129E051DE738A3002D3CC0 /* EarthQuake_ShelterTests.xctest */ = {isa = PBXFileReference; explicitFileType = wrapper.cfbundle; includeInIndex = 0; path = EarthQuake_ShelterTests.xctest; sourceTree = BUILT_PRODUCTS_DIR; };
		6E129E091DE738A3002D3CC0 /* EarthQuake_ShelterTests.swift */ = {isa = PBXFileReference; lastKnownFileType = sourcecode.swift; path = EarthQuake_ShelterTests.swift; sourceTree = "<group>"; };
		6E129E0B1DE738A3002D3CC0 /* Info.plist */ = {isa = PBXFileReference; lastKnownFileType = text.plist.xml; path = Info.plist; sourceTree = "<group>"; };
		6E129E101DE738A3002D3CC0 /* EarthQuake_ShelterUITests.xctest */ = {isa = PBXFileReference; explicitFileType = wrapper.cfbundle; includeInIndex = 0; path = EarthQuake_ShelterUITests.xctest; sourceTree = BUILT_PRODUCTS_DIR; };
		6E129E141DE738A3002D3CC0 /* EarthQuake_ShelterUITests.swift */ = {isa = PBXFileReference; lastKnownFileType = sourcecode.swift; path = EarthQuake_ShelterUITests.swift; sourceTree = "<group>"; };
		6E129E161DE738A3002D3CC0 /* Info.plist */ = {isa = PBXFileReference; lastKnownFileType = text.plist.xml; path = Info.plist; sourceTree = "<group>"; };
		6E129E231DE73AB6002D3CC0 /* MapKit.framework */ = {isa = PBXFileReference; lastKnownFileType = wrapper.framework; name = MapKit.framework; path = System/Library/Frameworks/MapKit.framework; sourceTree = SDKROOT; };
		6E129E251DE740C9002D3CC0 /* NumericOperatorOverloadingExtensions.swift */ = {isa = PBXFileReference; fileEncoding = 4; lastKnownFileType = sourcecode.swift; path = NumericOperatorOverloadingExtensions.swift; sourceTree = "<group>"; };
		6E129E2B1DE74C07002D3CC0 /* ShelterPoint.swift */ = {isa = PBXFileReference; fileEncoding = 4; lastKnownFileType = sourcecode.swift; path = ShelterPoint.swift; sourceTree = "<group>"; };
		6E8FCE8E1DF5252200587873 /* TableViewController.swift */ = {isa = PBXFileReference; fileEncoding = 4; lastKnownFileType = sourcecode.swift; path = TableViewController.swift; sourceTree = "<group>"; };
/* End PBXFileReference section */

/* Begin PBXFrameworksBuildPhase section */
		6E129DEE1DE738A1002D3CC0 /* Frameworks */ = {
			isa = PBXFrameworksBuildPhase;
			buildActionMask = 2147483647;
			files = (
				6E129E241DE73AB6002D3CC0 /* MapKit.framework in Frameworks */,
			);
			runOnlyForDeploymentPostprocessing = 0;
		};
		6E129E021DE738A3002D3CC0 /* Frameworks */ = {
			isa = PBXFrameworksBuildPhase;
			buildActionMask = 2147483647;
			files = (
			);
			runOnlyForDeploymentPostprocessing = 0;
		};
		6E129E0D1DE738A3002D3CC0 /* Frameworks */ = {
			isa = PBXFrameworksBuildPhase;
			buildActionMask = 2147483647;
			files = (
			);
			runOnlyForDeploymentPostprocessing = 0;
		};
/* End PBXFrameworksBuildPhase section */

/* Begin PBXGroup section */
		6E129DE81DE738A1002D3CC0 = {
			isa = PBXGroup;
			children = (
				6E129DF31DE738A1002D3CC0 /* EarthQuake_Shelter */,
				6E129E081DE738A3002D3CC0 /* EarthQuake_ShelterTests */,
				6E129E131DE738A3002D3CC0 /* EarthQuake_ShelterUITests */,
				6E129DF21DE738A1002D3CC0 /* Products */,
				6E129E221DE73AB6002D3CC0 /* Frameworks */,
			);
			sourceTree = "<group>";
		};
		6E129DF21DE738A1002D3CC0 /* Products */ = {
			isa = PBXGroup;
			children = (
				6E129DF11DE738A1002D3CC0 /* EarthQuake_Shelter.app */,
				6E129E051DE738A3002D3CC0 /* EarthQuake_ShelterTests.xctest */,
				6E129E101DE738A3002D3CC0 /* EarthQuake_ShelterUITests.xctest */,
			);
			name = Products;
			sourceTree = "<group>";
		};
		6E129DF31DE738A1002D3CC0 /* EarthQuake_Shelter */ = {
			isa = PBXGroup;
			children = (
				6E129E2B1DE74C07002D3CC0 /* ShelterPoint.swift */,
				6E129E251DE740C9002D3CC0 /* NumericOperatorOverloadingExtensions.swift */,
				6E129DF41DE738A1002D3CC0 /* AppDelegate.swift */,
				6E129DF61DE738A2002D3CC0 /* ViewController.swift */,
				6E129DF81DE738A2002D3CC0 /* Main.storyboard */,
				6E8FCE8E1DF5252200587873 /* TableViewController.swift */,
				6E129DFB1DE738A2002D3CC0 /* Assets.xcassets */,
				6E129DFD1DE738A2002D3CC0 /* LaunchScreen.storyboard */,
				6E129E001DE738A2002D3CC0 /* Info.plist */,
			);
			path = EarthQuake_Shelter;
			sourceTree = "<group>";
		};
		6E129E081DE738A3002D3CC0 /* EarthQuake_ShelterTests */ = {
			isa = PBXGroup;
			children = (
				6E129E091DE738A3002D3CC0 /* EarthQuake_ShelterTests.swift */,
				6E129E0B1DE738A3002D3CC0 /* Info.plist */,
			);
			path = EarthQuake_ShelterTests;
			sourceTree = "<group>";
		};
		6E129E131DE738A3002D3CC0 /* EarthQuake_ShelterUITests */ = {
			isa = PBXGroup;
			children = (
				6E129E141DE738A3002D3CC0 /* EarthQuake_ShelterUITests.swift */,
				6E129E161DE738A3002D3CC0 /* Info.plist */,
			);
			path = EarthQuake_ShelterUITests;
			sourceTree = "<group>";
		};
		6E129E221DE73AB6002D3CC0 /* Frameworks */ = {
			isa = PBXGroup;
			children = (
				6E129E231DE73AB6002D3CC0 /* MapKit.framework */,
			);
			name = Frameworks;
			sourceTree = "<group>";
		};
/* End PBXGroup section */

/* Begin PBXNativeTarget section */
		6E129DF01DE738A1002D3CC0 /* EarthQuake_Shelter */ = {
			isa = PBXNativeTarget;
			buildConfigurationList = 6E129E191DE738A3002D3CC0 /* Build configuration list for PBXNativeTarget "EarthQuake_Shelter" */;
			buildPhases = (
				6E129DED1DE738A1002D3CC0 /* Sources */,
				6E129DEE1DE738A1002D3CC0 /* Frameworks */,
				6E129DEF1DE738A1002D3CC0 /* Resources */,
			);
			buildRules = (
			);
			dependencies = (
			);
			name = EarthQuake_Shelter;
			productName = EarthQuake_Shelter;
			productReference = 6E129DF11DE738A1002D3CC0 /* EarthQuake_Shelter.app */;
			productType = "com.apple.product-type.application";
		};
		6E129E041DE738A3002D3CC0 /* EarthQuake_ShelterTests */ = {
			isa = PBXNativeTarget;
			buildConfigurationList = 6E129E1C1DE738A3002D3CC0 /* Build configuration list for PBXNativeTarget "EarthQuake_ShelterTests" */;
			buildPhases = (
				6E129E011DE738A3002D3CC0 /* Sources */,
				6E129E021DE738A3002D3CC0 /* Frameworks */,
				6E129E031DE738A3002D3CC0 /* Resources */,
			);
			buildRules = (
			);
			dependencies = (
				6E129E071DE738A3002D3CC0 /* PBXTargetDependency */,
			);
			name = EarthQuake_ShelterTests;
			productName = EarthQuake_ShelterTests;
			productReference = 6E129E051DE738A3002D3CC0 /* EarthQuake_ShelterTests.xctest */;
			productType = "com.apple.product-type.bundle.unit-test";
		};
		6E129E0F1DE738A3002D3CC0 /* EarthQuake_ShelterUITests */ = {
			isa = PBXNativeTarget;
			buildConfigurationList = 6E129E1F1DE738A3002D3CC0 /* Build configuration list for PBXNativeTarget "EarthQuake_ShelterUITests" */;
			buildPhases = (
				6E129E0C1DE738A3002D3CC0 /* Sources */,
				6E129E0D1DE738A3002D3CC0 /* Frameworks */,
				6E129E0E1DE738A3002D3CC0 /* Resources */,
			);
			buildRules = (
			);
			dependencies = (
				6E129E121DE738A3002D3CC0 /* PBXTargetDependency */,
			);
			name = EarthQuake_ShelterUITests;
			productName = EarthQuake_ShelterUITests;
			productReference = 6E129E101DE738A3002D3CC0 /* EarthQuake_ShelterUITests.xctest */;
			productType = "com.apple.product-type.bundle.ui-testing";
		};
/* End PBXNativeTarget section */

/* Begin PBXProject section */
		6E129DE91DE738A1002D3CC0 /* Project object */ = {
			isa = PBXProject;
			attributes = {
				LastSwiftUpdateCheck = 0810;
				LastUpgradeCheck = 0810;
				ORGANIZATIONNAME = L703;
				TargetAttributes = {
					6E129DF01DE738A1002D3CC0 = {
						CreatedOnToolsVersion = 8.1;
						DevelopmentTeam = UQ37D35Z4Z;
						ProvisioningStyle = Automatic;
						SystemCapabilities = {
							com.apple.Maps.iOS = {
								enabled = 1;
							};
						};
					};
					6E129E041DE738A3002D3CC0 = {
						CreatedOnToolsVersion = 8.1;
						ProvisioningStyle = Automatic;
						TestTargetID = 6E129DF01DE738A1002D3CC0;
					};
					6E129E0F1DE738A3002D3CC0 = {
						CreatedOnToolsVersion = 8.1;
						ProvisioningStyle = Automatic;
						TestTargetID = 6E129DF01DE738A1002D3CC0;
					};
				};
			};
			buildConfigurationList = 6E129DEC1DE738A1002D3CC0 /* Build configuration list for PBXProject "EarthQuake_Shelter" */;
			compatibilityVersion = "Xcode 3.2";
			developmentRegion = English;
			hasScannedForEncodings = 0;
			knownRegions = (
				en,
				Base,
			);
			mainGroup = 6E129DE81DE738A1002D3CC0;
			productRefGroup = 6E129DF21DE738A1002D3CC0 /* Products */;
			projectDirPath = "";
			projectRoot = "";
			targets = (
				6E129DF01DE738A1002D3CC0 /* EarthQuake_Shelter */,
				6E129E041DE738A3002D3CC0 /* EarthQuake_ShelterTests */,
				6E129E0F1DE738A3002D3CC0 /* EarthQuake_ShelterUITests */,
			);
		};
/* End PBXProject section */

/* Begin PBXResourcesBuildPhase section */
		6E129DEF1DE738A1002D3CC0 /* Resources */ = {
			isa = PBXResourcesBuildPhase;
			buildActionMask = 2147483647;
			files = (
				6E129DFF1DE738A2002D3CC0 /* LaunchScreen.storyboard in Resources */,
				6E129DFC1DE738A2002D3CC0 /* Assets.xcassets in Resources */,
				6E129DFA1DE738A2002D3CC0 /* Main.storyboard in Resources */,
			);
			runOnlyForDeploymentPostprocessing = 0;
		};
		6E129E031DE738A3002D3CC0 /* Resources */ = {
			isa = PBXResourcesBuildPhase;
			buildActionMask = 2147483647;
			files = (
			);
			runOnlyForDeploymentPostprocessing = 0;
		};
		6E129E0E1DE738A3002D3CC0 /* Resources */ = {
			isa = PBXResourcesBuildPhase;
			buildActionMask = 2147483647;
			files = (
			);
			runOnlyForDeploymentPostprocessing = 0;
		};
/* End PBXResourcesBuildPhase section */

/* Begin PBXSourcesBuildPhase section */
		6E129DED1DE738A1002D3CC0 /* Sources */ = {
			isa = PBXSourcesBuildPhase;
			buildActionMask = 2147483647;
			files = (
				6E129DF71DE738A2002D3CC0 /* ViewController.swift in Sources */,
				6E129DF51DE738A1002D3CC0 /* AppDelegate.swift in Sources */,
				6E129E2C1DE74C07002D3CC0 /* ShelterPoint.swift in Sources */,
				6E8FCE8F1DF5252200587873 /* TableViewController.swift in Sources */,
				6E129E271DE740C9002D3CC0 /* NumericOperatorOverloadingExtensions.swift in Sources */,
			);
			runOnlyForDeploymentPostprocessing = 0;
		};
		6E129E011DE738A3002D3CC0 /* Sources */ = {
			isa = PBXSourcesBuildPhase;
			buildActionMask = 2147483647;
			files = (
				6E129E0A1DE738A3002D3CC0 /* EarthQuake_ShelterTests.swift in Sources */,
			);
			runOnlyForDeploymentPostprocessing = 0;
		};
		6E129E0C1DE738A3002D3CC0 /* Sources */ = {
			isa = PBXSourcesBuildPhase;
			buildActionMask = 2147483647;
			files = (
				6E129E151DE738A3002D3CC0 /* EarthQuake_ShelterUITests.swift in Sources */,
			);
			runOnlyForDeploymentPostprocessing = 0;
		};
/* End PBXSourcesBuildPhase section */

/* Begin PBXTargetDependency section */
		6E129E071DE738A3002D3CC0 /* PBXTargetDependency */ = {
			isa = PBXTargetDependency;
			target = 6E129DF01DE738A1002D3CC0 /* EarthQuake_Shelter */;
			targetProxy = 6E129E061DE738A3002D3CC0 /* PBXContainerItemProxy */;
		};
		6E129E121DE738A3002D3CC0 /* PBXTargetDependency */ = {
			isa = PBXTargetDependency;
			target = 6E129DF01DE738A1002D3CC0 /* EarthQuake_Shelter */;
			targetProxy = 6E129E111DE738A3002D3CC0 /* PBXContainerItemProxy */;
		};
/* End PBXTargetDependency section */

/* Begin PBXVariantGroup section */
		6E129DF81DE738A2002D3CC0 /* Main.storyboard */ = {
			isa = PBXVariantGroup;
			children = (
				6E129DF91DE738A2002D3CC0 /* Base */,
			);
			name = Main.storyboard;
			sourceTree = "<group>";
		};
		6E129DFD1DE738A2002D3CC0 /* LaunchScreen.storyboard */ = {
			isa = PBXVariantGroup;
			children = (
				6E129DFE1DE738A2002D3CC0 /* Base */,
			);
			name = LaunchScreen.storyboard;
			sourceTree = "<group>";
		};
/* End PBXVariantGroup section */

/* Begin XCBuildConfiguration section */
		6E129E171DE738A3002D3CC0 /* Debug */ = {
			isa = XCBuildConfiguration;
			buildSettings = {
				ALWAYS_SEARCH_USER_PATHS = NO;
				CLANG_ANALYZER_NONNULL = YES;
				CLANG_CXX_LANGUAGE_STANDARD = "gnu++0x";
				CLANG_CXX_LIBRARY = "libc++";
				CLANG_ENABLE_MODULES = YES;
				CLANG_ENABLE_OBJC_ARC = YES;
				CLANG_WARN_BOOL_CONVERSION = YES;
				CLANG_WARN_CONSTANT_CONVERSION = YES;
				CLANG_WARN_DIRECT_OBJC_ISA_USAGE = YES_ERROR;
				CLANG_WARN_DOCUMENTATION_COMMENTS = YES;
				CLANG_WARN_EMPTY_BODY = YES;
				CLANG_WARN_ENUM_CONVERSION = YES;
				CLANG_WARN_INFINITE_RECURSION = YES;
				CLANG_WARN_INT_CONVERSION = YES;
				CLANG_WARN_OBJC_ROOT_CLASS = YES_ERROR;
				CLANG_WARN_SUSPICIOUS_MOVES = YES;
				CLANG_WARN_UNREACHABLE_CODE = YES;
				CLANG_WARN__DUPLICATE_METHOD_MATCH = YES;
				"CODE_SIGN_IDENTITY[sdk=iphoneos*]" = "iPhone Developer";
				COPY_PHASE_STRIP = NO;
				DEBUG_INFORMATION_FORMAT = dwarf;
				ENABLE_STRICT_OBJC_MSGSEND = YES;
				ENABLE_TESTABILITY = YES;
				GCC_C_LANGUAGE_STANDARD = gnu99;
				GCC_DYNAMIC_NO_PIC = NO;
				GCC_NO_COMMON_BLOCKS = YES;
				GCC_OPTIMIZATION_LEVEL = 0;
				GCC_PREPROCESSOR_DEFINITIONS = (
					"DEBUG=1",
					"$(inherited)",
				);
				GCC_WARN_64_TO_32_BIT_CONVERSION = YES;
				GCC_WARN_ABOUT_RETURN_TYPE = YES_ERROR;
				GCC_WARN_UNDECLARED_SELECTOR = YES;
				GCC_WARN_UNINITIALIZED_AUTOS = YES_AGGRESSIVE;
				GCC_WARN_UNUSED_FUNCTION = YES;
				GCC_WARN_UNUSED_VARIABLE = YES;
				IPHONEOS_DEPLOYMENT_TARGET = 10.1;
				MTL_ENABLE_DEBUG_INFO = YES;
				ONLY_ACTIVE_ARCH = YES;
				SDKROOT = iphoneos;
				SWIFT_ACTIVE_COMPILATION_CONDITIONS = DEBUG;
				SWIFT_OPTIMIZATION_LEVEL = "-Onone";
			};
			name = Debug;
		};
		6E129E181DE738A3002D3CC0 /* Release */ = {
			isa = XCBuildConfiguration;
			buildSettings = {
				ALWAYS_SEARCH_USER_PATHS = NO;
				CLANG_ANALYZER_NONNULL = YES;
				CLANG_CXX_LANGUAGE_STANDARD = "gnu++0x";
				CLANG_CXX_LIBRARY = "libc++";
				CLANG_ENABLE_MODULES = YES;
				CLANG_ENABLE_OBJC_ARC = YES;
				CLANG_WARN_BOOL_CONVERSION = YES;
				CLANG_WARN_CONSTANT_CONVERSION = YES;
				CLANG_WARN_DIRECT_OBJC_ISA_USAGE = YES_ERROR;
				CLANG_WARN_DOCUMENTATION_COMMENTS = YES;
				CLANG_WARN_EMPTY_BODY = YES;
				CLANG_WARN_ENUM_CONVERSION = YES;
				CLANG_WARN_INFINITE_RECURSION = YES;
				CLANG_WARN_INT_CONVERSION = YES;
				CLANG_WARN_OBJC_ROOT_CLASS = YES_ERROR;
				CLANG_WARN_SUSPICIOUS_MOVES = YES;
				CLANG_WARN_UNREACHABLE_CODE = YES;
				CLANG_WARN__DUPLICATE_METHOD_MATCH = YES;
				"CODE_SIGN_IDENTITY[sdk=iphoneos*]" = "iPhone Developer";
				COPY_PHASE_STRIP = NO;
				DEBUG_INFORMATION_FORMAT = "dwarf-with-dsym";
				ENABLE_NS_ASSERTIONS = NO;
				ENABLE_STRICT_OBJC_MSGSEND = YES;
				GCC_C_LANGUAGE_STANDARD = gnu99;
				GCC_NO_COMMON_BLOCKS = YES;
				GCC_WARN_64_TO_32_BIT_CONVERSION = YES;
				GCC_WARN_ABOUT_RETURN_TYPE = YES_ERROR;
				GCC_WARN_UNDECLARED_SELECTOR = YES;
				GCC_WARN_UNINITIALIZED_AUTOS = YES_AGGRESSIVE;
				GCC_WARN_UNUSED_FUNCTION = YES;
				GCC_WARN_UNUSED_VARIABLE = YES;
				IPHONEOS_DEPLOYMENT_TARGET = 10.1;
				MTL_ENABLE_DEBUG_INFO = NO;
				SDKROOT = iphoneos;
				SWIFT_OPTIMIZATION_LEVEL = "-Owholemodule";
				VALIDATE_PRODUCT = YES;
			};
			name = Release;
		};
		6E129E1A1DE738A3002D3CC0 /* Debug */ = {
			isa = XCBuildConfiguration;
			buildSettings = {
				ASSETCATALOG_COMPILER_APPICON_NAME = AppIcon;
				DEVELOPMENT_TEAM = UQ37D35Z4Z;
				INFOPLIST_FILE = EarthQuake_Shelter/Info.plist;
				IPHONEOS_DEPLOYMENT_TARGET = 9.1;
				LD_RUNPATH_SEARCH_PATHS = "$(inherited) @executable_path/Frameworks";
				PRODUCT_BUNDLE_IDENTIFIER = kr.ac.ditapps.EarthQuakeShelter;
				PRODUCT_NAME = "$(TARGET_NAME)";
				SWIFT_VERSION = 3.0;
			};
			name = Debug;
		};
		6E129E1B1DE738A3002D3CC0 /* Release */ = {
			isa = XCBuildConfiguration;
			buildSettings = {
				ASSETCATALOG_COMPILER_APPICON_NAME = AppIcon;
				DEVELOPMENT_TEAM = UQ37D35Z4Z;
				INFOPLIST_FILE = EarthQuake_Shelter/Info.plist;
				IPHONEOS_DEPLOYMENT_TARGET = 9.1;
				LD_RUNPATH_SEARCH_PATHS = "$(inherited) @executable_path/Frameworks";
				PRODUCT_BUNDLE_IDENTIFIER = kr.ac.ditapps.EarthQuakeShelter;
				PRODUCT_NAME = "$(TARGET_NAME)";
				SWIFT_VERSION = 3.0;
			};
			name = Release;
		};
		6E129E1D1DE738A3002D3CC0 /* Debug */ = {
			isa = XCBuildConfiguration;
			buildSettings = {
				ALWAYS_EMBED_SWIFT_STANDARD_LIBRARIES = YES;
				BUNDLE_LOADER = "$(TEST_HOST)";
				INFOPLIST_FILE = EarthQuake_ShelterTests/Info.plist;
				LD_RUNPATH_SEARCH_PATHS = "$(inherited) @executable_path/Frameworks @loader_path/Frameworks";
				PRODUCT_BUNDLE_IDENTIFIER = "abc.EarthQuake-ShelterTests";
				PRODUCT_NAME = "$(TARGET_NAME)";
				SWIFT_VERSION = 3.0;
				TEST_HOST = "$(BUILT_PRODUCTS_DIR)/EarthQuake_Shelter.app/EarthQuake_Shelter";
			};
			name = Debug;
		};
		6E129E1E1DE738A3002D3CC0 /* Release */ = {
			isa = XCBuildConfiguration;
			buildSettings = {
				ALWAYS_EMBED_SWIFT_STANDARD_LIBRARIES = YES;
				BUNDLE_LOADER = "$(TEST_HOST)";
				INFOPLIST_FILE = EarthQuake_ShelterTests/Info.plist;
				LD_RUNPATH_SEARCH_PATHS = "$(inherited) @executable_path/Frameworks @loader_path/Frameworks";
				PRODUCT_BUNDLE_IDENTIFIER = "abc.EarthQuake-ShelterTests";
				PRODUCT_NAME = "$(TARGET_NAME)";
				SWIFT_VERSION = 3.0;
				TEST_HOST = "$(BUILT_PRODUCTS_DIR)/EarthQuake_Shelter.app/EarthQuake_Shelter";
			};
			name = Release;
		};
		6E129E201DE738A3002D3CC0 /* Debug */ = {
			isa = XCBuildConfiguration;
			buildSettings = {
				ALWAYS_EMBED_SWIFT_STANDARD_LIBRARIES = YES;
				INFOPLIST_FILE = EarthQuake_ShelterUITests/Info.plist;
				LD_RUNPATH_SEARCH_PATHS = "$(inherited) @executable_path/Frameworks @loader_path/Frameworks";
				PRODUCT_BUNDLE_IDENTIFIER = "abc.EarthQuake-ShelterUITests";
				PRODUCT_NAME = "$(TARGET_NAME)";
				SWIFT_VERSION = 3.0;
				TEST_TARGET_NAME = EarthQuake_Shelter;
			};
			name = Debug;
		};
		6E129E211DE738A3002D3CC0 /* Release */ = {
			isa = XCBuildConfiguration;
			buildSettings = {
				ALWAYS_EMBED_SWIFT_STANDARD_LIBRARIES = YES;
				INFOPLIST_FILE = EarthQuake_ShelterUITests/Info.plist;
				LD_RUNPATH_SEARCH_PATHS = "$(inherited) @executable_path/Frameworks @loader_path/Frameworks";
				PRODUCT_BUNDLE_IDENTIFIER = "abc.EarthQuake-ShelterUITests";
				PRODUCT_NAME = "$(TARGET_NAME)";
				SWIFT_VERSION = 3.0;
				TEST_TARGET_NAME = EarthQuake_Shelter;
			};
			name = Release;
		};
/* End XCBuildConfiguration section */

/* Begin XCConfigurationList section */
		6E129DEC1DE738A1002D3CC0 /* Build configuration list for PBXProject "EarthQuake_Shelter" */ = {
			isa = XCConfigurationList;
			buildConfigurations = (
				6E129E171DE738A3002D3CC0 /* Debug */,
				6E129E181DE738A3002D3CC0 /* Release */,
			);
			defaultConfigurationIsVisible = 0;
			defaultConfigurationName = Release;
		};
		6E129E191DE738A3002D3CC0 /* Build configuration list for PBXNativeTarget "EarthQuake_Shelter" */ = {
			isa = XCConfigurationList;
			buildConfigurations = (
				6E129E1A1DE738A3002D3CC0 /* Debug */,
				6E129E1B1DE738A3002D3CC0 /* Release */,
			);
			defaultConfigurationIsVisible = 0;
			defaultConfigurationName = Release;
		};
		6E129E1C1DE738A3002D3CC0 /* Build configuration list for PBXNativeTarget "EarthQuake_ShelterTests" */ = {
			isa = XCConfigurationList;
			buildConfigurations = (
				6E129E1D1DE738A3002D3CC0 /* Debug */,
				6E129E1E1DE738A3002D3CC0 /* Release */,
			);
			defaultConfigurationIsVisible = 0;
			defaultConfigurationName = Release;
		};
		6E129E1F1DE738A3002D3CC0 /* Build configuration list for PBXNativeTarget "EarthQuake_ShelterUITests" */ = {
			isa = XCConfigurationList;
			buildConfigurations = (
				6E129E201DE738A3002D3CC0 /* Debug */,
				6E129E211DE738A3002D3CC0 /* Release */,
			);
			defaultConfigurationIsVisible = 0;
			defaultConfigurationName = Release;
		};
/* End XCConfigurationList section */
	};
	rootObject = 6E129DE91DE738A1002D3CC0 /* Project object */;
}
