// !$*UTF8*$!
{
	archiveVersion = 1;
	classes = {
	};
	objectVersion = 46;
	objects = {

/* Begin PBXBuildFile section */
		057CE2401DF6B2F7002EE4F9 /* placeholder.png in Resources */ = {isa = PBXBuildFile; fileRef = 057CE23F1DF6B2F7002EE4F9 /* placeholder.png */; };
		6E66E6DB1DAE115400B13701 /* AppDelegate.swift in Sources */ = {isa = PBXBuildFile; fileRef = 6E66E6DA1DAE115400B13701 /* AppDelegate.swift */; };
		6E66E6DD1DAE115400B13701 /* ViewController.swift in Sources */ = {isa = PBXBuildFile; fileRef = 6E66E6DC1DAE115400B13701 /* ViewController.swift */; };
		6E66E6E01DAE115400B13701 /* Main.storyboard in Resources */ = {isa = PBXBuildFile; fileRef = 6E66E6DE1DAE115400B13701 /* Main.storyboard */; };
		6E66E6E21DAE115400B13701 /* Assets.xcassets in Resources */ = {isa = PBXBuildFile; fileRef = 6E66E6E11DAE115400B13701 /* Assets.xcassets */; };
		6E66E6E51DAE115400B13701 /* LaunchScreen.storyboard in Resources */ = {isa = PBXBuildFile; fileRef = 6E66E6E31DAE115400B13701 /* LaunchScreen.storyboard */; };
		6E66E6F01DAE115400B13701 /* __2_to_projectTests.swift in Sources */ = {isa = PBXBuildFile; fileRef = 6E66E6EF1DAE115400B13701 /* __2_to_projectTests.swift */; };
		6E66E6FB1DAE115400B13701 /* __2_to_projectUITests.swift in Sources */ = {isa = PBXBuildFile; fileRef = 6E66E6FA1DAE115400B13701 /* __2_to_projectUITests.swift */; };
		6E69ED271DC839C4001E7CE7 /* se_fes_view.swift in Sources */ = {isa = PBXBuildFile; fileRef = 6E69ED261DC839C4001E7CE7 /* se_fes_view.swift */; };
		6E71622D1DD1AEA60039FD81 /* third_fes_view.swift in Sources */ = {isa = PBXBuildFile; fileRef = 6E71622C1DD1AEA60039FD81 /* third_fes_view.swift */; };
		6E7C930B1DF65AD600688FB2 /* se_table.swift in Sources */ = {isa = PBXBuildFile; fileRef = 6E7C930A1DF65AD600688FB2 /* se_table.swift */; };
		6E864E6E1DE6A412006FDB36 /* MapKit.framework in Frameworks */ = {isa = PBXBuildFile; fileRef = 6E864E6D1DE6A412006FDB36 /* MapKit.framework */; };
		6E864E701DE6AD40006FDB36 /* we_map.swift in Sources */ = {isa = PBXBuildFile; fileRef = 6E864E6F1DE6AD40006FDB36 /* we_map.swift */; };
		6E98C5221DC0900000F2C3AC /* fes_table_view.swift in Sources */ = {isa = PBXBuildFile; fileRef = 6E98C5211DC0900000F2C3AC /* fes_table_view.swift */; };
/* End PBXBuildFile section */

/* Begin PBXContainerItemProxy section */
		6E66E6EC1DAE115400B13701 /* PBXContainerItemProxy */ = {
			isa = PBXContainerItemProxy;
			containerPortal = 6E66E6CF1DAE115400B13701 /* Project object */;
			proxyType = 1;
			remoteGlobalIDString = 6E66E6D61DAE115400B13701;
			remoteInfo = 2_2_to_project;
		};
		6E66E6F71DAE115400B13701 /* PBXContainerItemProxy */ = {
			isa = PBXContainerItemProxy;
			containerPortal = 6E66E6CF1DAE115400B13701 /* Project object */;
			proxyType = 1;
			remoteGlobalIDString = 6E66E6D61DAE115400B13701;
			remoteInfo = 2_2_to_project;
		};
/* End PBXContainerItemProxy section */

/* Begin PBXFileReference section */
		057CE23F1DF6B2F7002EE4F9 /* placeholder.png */ = {isa = PBXFileReference; lastKnownFileType = image.png; path = placeholder.png; sourceTree = "<group>"; };
		6E66E6D71DAE115400B13701 /* 2_2_to_project.app */ = {isa = PBXFileReference; explicitFileType = wrapper.application; includeInIndex = 0; path = 2_2_to_project.app; sourceTree = BUILT_PRODUCTS_DIR; };
		6E66E6DA1DAE115400B13701 /* AppDelegate.swift */ = {isa = PBXFileReference; lastKnownFileType = sourcecode.swift; path = AppDelegate.swift; sourceTree = "<group>"; };
		6E66E6DC1DAE115400B13701 /* ViewController.swift */ = {isa = PBXFileReference; lastKnownFileType = sourcecode.swift; path = ViewController.swift; sourceTree = "<group>"; };
		6E66E6DF1DAE115400B13701 /* Base */ = {isa = PBXFileReference; lastKnownFileType = file.storyboard; name = Base; path = Base.lproj/Main.storyboard; sourceTree = "<group>"; };
		6E66E6E11DAE115400B13701 /* Assets.xcassets */ = {isa = PBXFileReference; lastKnownFileType = folder.assetcatalog; path = Assets.xcassets; sourceTree = "<group>"; };
		6E66E6E41DAE115400B13701 /* Base */ = {isa = PBXFileReference; lastKnownFileType = file.storyboard; name = Base; path = Base.lproj/LaunchScreen.storyboard; sourceTree = "<group>"; };
		6E66E6E61DAE115400B13701 /* Info.plist */ = {isa = PBXFileReference; lastKnownFileType = text.plist.xml; path = Info.plist; sourceTree = "<group>"; };
		6E66E6EB1DAE115400B13701 /* 2_2_to_projectTests.xctest */ = {isa = PBXFileReference; explicitFileType = wrapper.cfbundle; includeInIndex = 0; path = 2_2_to_projectTests.xctest; sourceTree = BUILT_PRODUCTS_DIR; };
		6E66E6EF1DAE115400B13701 /* __2_to_projectTests.swift */ = {isa = PBXFileReference; lastKnownFileType = sourcecode.swift; path = __2_to_projectTests.swift; sourceTree = "<group>"; };
		6E66E6F11DAE115400B13701 /* Info.plist */ = {isa = PBXFileReference; lastKnownFileType = text.plist.xml; path = Info.plist; sourceTree = "<group>"; };
		6E66E6F61DAE115400B13701 /* 2_2_to_projectUITests.xctest */ = {isa = PBXFileReference; explicitFileType = wrapper.cfbundle; includeInIndex = 0; path = 2_2_to_projectUITests.xctest; sourceTree = BUILT_PRODUCTS_DIR; };
		6E66E6FA1DAE115400B13701 /* __2_to_projectUITests.swift */ = {isa = PBXFileReference; lastKnownFileType = sourcecode.swift; path = __2_to_projectUITests.swift; sourceTree = "<group>"; };
		6E66E6FC1DAE115400B13701 /* Info.plist */ = {isa = PBXFileReference; lastKnownFileType = text.plist.xml; path = Info.plist; sourceTree = "<group>"; };
		6E69ED261DC839C4001E7CE7 /* se_fes_view.swift */ = {isa = PBXFileReference; fileEncoding = 4; lastKnownFileType = sourcecode.swift; path = se_fes_view.swift; sourceTree = "<group>"; };
		6E71622C1DD1AEA60039FD81 /* third_fes_view.swift */ = {isa = PBXFileReference; fileEncoding = 4; lastKnownFileType = sourcecode.swift; path = third_fes_view.swift; sourceTree = "<group>"; };
		6E7C930A1DF65AD600688FB2 /* se_table.swift */ = {isa = PBXFileReference; fileEncoding = 4; lastKnownFileType = sourcecode.swift; name = se_table.swift; path = ../se_table.swift; sourceTree = "<group>"; };
		6E864E6D1DE6A412006FDB36 /* MapKit.framework */ = {isa = PBXFileReference; lastKnownFileType = wrapper.framework; name = MapKit.framework; path = System/Library/Frameworks/MapKit.framework; sourceTree = SDKROOT; };
		6E864E6F1DE6AD40006FDB36 /* we_map.swift */ = {isa = PBXFileReference; fileEncoding = 4; lastKnownFileType = sourcecode.swift; path = we_map.swift; sourceTree = "<group>"; };
		6E98C5211DC0900000F2C3AC /* fes_table_view.swift */ = {isa = PBXFileReference; fileEncoding = 4; lastKnownFileType = sourcecode.swift; path = fes_table_view.swift; sourceTree = "<group>"; };
/* End PBXFileReference section */

/* Begin PBXFrameworksBuildPhase section */
		6E66E6D41DAE115400B13701 /* Frameworks */ = {
			isa = PBXFrameworksBuildPhase;
			buildActionMask = 2147483647;
			files = (
				6E864E6E1DE6A412006FDB36 /* MapKit.framework in Frameworks */,
			);
			runOnlyForDeploymentPostprocessing = 0;
		};
		6E66E6E81DAE115400B13701 /* Frameworks */ = {
			isa = PBXFrameworksBuildPhase;
			buildActionMask = 2147483647;
			files = (
			);
			runOnlyForDeploymentPostprocessing = 0;
		};
		6E66E6F31DAE115400B13701 /* Frameworks */ = {
			isa = PBXFrameworksBuildPhase;
			buildActionMask = 2147483647;
			files = (
			);
			runOnlyForDeploymentPostprocessing = 0;
		};
/* End PBXFrameworksBuildPhase section */

/* Begin PBXGroup section */
		6E66E6CE1DAE115400B13701 = {
			isa = PBXGroup;
			children = (
				6E864E6D1DE6A412006FDB36 /* MapKit.framework */,
				6E66E6D91DAE115400B13701 /* 2_2_to_project */,
				6E66E6EE1DAE115400B13701 /* 2_2_to_projectTests */,
				6E66E6F91DAE115400B13701 /* 2_2_to_projectUITests */,
				6E66E6D81DAE115400B13701 /* Products */,
			);
			sourceTree = "<group>";
		};
		6E66E6D81DAE115400B13701 /* Products */ = {
			isa = PBXGroup;
			children = (
				6E66E6D71DAE115400B13701 /* 2_2_to_project.app */,
				6E66E6EB1DAE115400B13701 /* 2_2_to_projectTests.xctest */,
				6E66E6F61DAE115400B13701 /* 2_2_to_projectUITests.xctest */,
			);
			name = Products;
			sourceTree = "<group>";
		};
		6E66E6D91DAE115400B13701 /* 2_2_to_project */ = {
			isa = PBXGroup;
			children = (
				057CE23F1DF6B2F7002EE4F9 /* placeholder.png */,
				6E7C930A1DF65AD600688FB2 /* se_table.swift */,
				6E66E6DA1DAE115400B13701 /* AppDelegate.swift */,
				6E66E6DC1DAE115400B13701 /* ViewController.swift */,
				6E66E6DE1DAE115400B13701 /* Main.storyboard */,
				6E864E6F1DE6AD40006FDB36 /* we_map.swift */,
				6E98C5211DC0900000F2C3AC /* fes_table_view.swift */,
				6E71622C1DD1AEA60039FD81 /* third_fes_view.swift */,
				6E69ED261DC839C4001E7CE7 /* se_fes_view.swift */,
				6E66E6E11DAE115400B13701 /* Assets.xcassets */,
				6E66E6E31DAE115400B13701 /* LaunchScreen.storyboard */,
				6E66E6E61DAE115400B13701 /* Info.plist */,
			);
			path = 2_2_to_project;
			sourceTree = "<group>";
		};
		6E66E6EE1DAE115400B13701 /* 2_2_to_projectTests */ = {
			isa = PBXGroup;
			children = (
				6E66E6EF1DAE115400B13701 /* __2_to_projectTests.swift */,
				6E66E6F11DAE115400B13701 /* Info.plist */,
			);
			path = 2_2_to_projectTests;
			sourceTree = "<group>";
		};
		6E66E6F91DAE115400B13701 /* 2_2_to_projectUITests */ = {
			isa = PBXGroup;
			children = (
				6E66E6FA1DAE115400B13701 /* __2_to_projectUITests.swift */,
				6E66E6FC1DAE115400B13701 /* Info.plist */,
			);
			path = 2_2_to_projectUITests;
			sourceTree = "<group>";
		};
/* End PBXGroup section */

/* Begin PBXNativeTarget section */
		6E66E6D61DAE115400B13701 /* 2_2_to_project */ = {
			isa = PBXNativeTarget;
			buildConfigurationList = 6E66E6FF1DAE115400B13701 /* Build configuration list for PBXNativeTarget "2_2_to_project" */;
			buildPhases = (
				6E66E6D31DAE115400B13701 /* Sources */,
				6E66E6D41DAE115400B13701 /* Frameworks */,
				6E66E6D51DAE115400B13701 /* Resources */,
			);
			buildRules = (
			);
			dependencies = (
			);
			name = 2_2_to_project;
			productName = 2_2_to_project;
			productReference = 6E66E6D71DAE115400B13701 /* 2_2_to_project.app */;
			productType = "com.apple.product-type.application";
		};
		6E66E6EA1DAE115400B13701 /* 2_2_to_projectTests */ = {
			isa = PBXNativeTarget;
			buildConfigurationList = 6E66E7021DAE115400B13701 /* Build configuration list for PBXNativeTarget "2_2_to_projectTests" */;
			buildPhases = (
				6E66E6E71DAE115400B13701 /* Sources */,
				6E66E6E81DAE115400B13701 /* Frameworks */,
				6E66E6E91DAE115400B13701 /* Resources */,
			);
			buildRules = (
			);
			dependencies = (
				6E66E6ED1DAE115400B13701 /* PBXTargetDependency */,
			);
			name = 2_2_to_projectTests;
			productName = 2_2_to_projectTests;
			productReference = 6E66E6EB1DAE115400B13701 /* 2_2_to_projectTests.xctest */;
			productType = "com.apple.product-type.bundle.unit-test";
		};
		6E66E6F51DAE115400B13701 /* 2_2_to_projectUITests */ = {
			isa = PBXNativeTarget;
			buildConfigurationList = 6E66E7051DAE115400B13701 /* Build configuration list for PBXNativeTarget "2_2_to_projectUITests" */;
			buildPhases = (
				6E66E6F21DAE115400B13701 /* Sources */,
				6E66E6F31DAE115400B13701 /* Frameworks */,
				6E66E6F41DAE115400B13701 /* Resources */,
			);
			buildRules = (
			);
			dependencies = (
				6E66E6F81DAE115400B13701 /* PBXTargetDependency */,
			);
			name = 2_2_to_projectUITests;
			productName = 2_2_to_projectUITests;
			productReference = 6E66E6F61DAE115400B13701 /* 2_2_to_projectUITests.xctest */;
			productType = "com.apple.product-type.bundle.ui-testing";
		};
/* End PBXNativeTarget section */

/* Begin PBXProject section */
		6E66E6CF1DAE115400B13701 /* Project object */ = {
			isa = PBXProject;
			attributes = {
				LastSwiftUpdateCheck = 0720;
				LastUpgradeCheck = 0720;
				ORGANIZATIONNAME = DIT;
				TargetAttributes = {
					6E66E6D61DAE115400B13701 = {
						CreatedOnToolsVersion = 7.2.1;
						DevelopmentTeam = UQ37D35Z4Z;
					};
					6E66E6EA1DAE115400B13701 = {
						CreatedOnToolsVersion = 7.2.1;
						TestTargetID = 6E66E6D61DAE115400B13701;
					};
					6E66E6F51DAE115400B13701 = {
						CreatedOnToolsVersion = 7.2.1;
						TestTargetID = 6E66E6D61DAE115400B13701;
					};
				};
			};
			buildConfigurationList = 6E66E6D21DAE115400B13701 /* Build configuration list for PBXProject "2_2_to_project" */;
			compatibilityVersion = "Xcode 3.2";
			developmentRegion = English;
			hasScannedForEncodings = 0;
			knownRegions = (
				en,
				Base,
			);
			mainGroup = 6E66E6CE1DAE115400B13701;
			productRefGroup = 6E66E6D81DAE115400B13701 /* Products */;
			projectDirPath = "";
			projectRoot = "";
			targets = (
				6E66E6D61DAE115400B13701 /* 2_2_to_project */,
				6E66E6EA1DAE115400B13701 /* 2_2_to_projectTests */,
				6E66E6F51DAE115400B13701 /* 2_2_to_projectUITests */,
			);
		};
/* End PBXProject section */

/* Begin PBXResourcesBuildPhase section */
		6E66E6D51DAE115400B13701 /* Resources */ = {
			isa = PBXResourcesBuildPhase;
			buildActionMask = 2147483647;
			files = (
				6E66E6E51DAE115400B13701 /* LaunchScreen.storyboard in Resources */,
				057CE2401DF6B2F7002EE4F9 /* placeholder.png in Resources */,
				6E66E6E21DAE115400B13701 /* Assets.xcassets in Resources */,
				6E66E6E01DAE115400B13701 /* Main.storyboard in Resources */,
			);
			runOnlyForDeploymentPostprocessing = 0;
		};
		6E66E6E91DAE115400B13701 /* Resources */ = {
			isa = PBXResourcesBuildPhase;
			buildActionMask = 2147483647;
			files = (
			);
			runOnlyForDeploymentPostprocessing = 0;
		};
		6E66E6F41DAE115400B13701 /* Resources */ = {
			isa = PBXResourcesBuildPhase;
			buildActionMask = 2147483647;
			files = (
			);
			runOnlyForDeploymentPostprocessing = 0;
		};
/* End PBXResourcesBuildPhase section */

/* Begin PBXSourcesBuildPhase section */
		6E66E6D31DAE115400B13701 /* Sources */ = {
			isa = PBXSourcesBuildPhase;
			buildActionMask = 2147483647;
			files = (
				6E71622D1DD1AEA60039FD81 /* third_fes_view.swift in Sources */,
				6E98C5221DC0900000F2C3AC /* fes_table_view.swift in Sources */,
				6E864E701DE6AD40006FDB36 /* we_map.swift in Sources */,
				6E7C930B1DF65AD600688FB2 /* se_table.swift in Sources */,
				6E66E6DD1DAE115400B13701 /* ViewController.swift in Sources */,
				6E66E6DB1DAE115400B13701 /* AppDelegate.swift in Sources */,
				6E69ED271DC839C4001E7CE7 /* se_fes_view.swift in Sources */,
			);
			runOnlyForDeploymentPostprocessing = 0;
		};
		6E66E6E71DAE115400B13701 /* Sources */ = {
			isa = PBXSourcesBuildPhase;
			buildActionMask = 2147483647;
			files = (
				6E66E6F01DAE115400B13701 /* __2_to_projectTests.swift in Sources */,
			);
			runOnlyForDeploymentPostprocessing = 0;
		};
		6E66E6F21DAE115400B13701 /* Sources */ = {
			isa = PBXSourcesBuildPhase;
			buildActionMask = 2147483647;
			files = (
				6E66E6FB1DAE115400B13701 /* __2_to_projectUITests.swift in Sources */,
			);
			runOnlyForDeploymentPostprocessing = 0;
		};
/* End PBXSourcesBuildPhase section */

/* Begin PBXTargetDependency section */
		6E66E6ED1DAE115400B13701 /* PBXTargetDependency */ = {
			isa = PBXTargetDependency;
			target = 6E66E6D61DAE115400B13701 /* 2_2_to_project */;
			targetProxy = 6E66E6EC1DAE115400B13701 /* PBXContainerItemProxy */;
		};
		6E66E6F81DAE115400B13701 /* PBXTargetDependency */ = {
			isa = PBXTargetDependency;
			target = 6E66E6D61DAE115400B13701 /* 2_2_to_project */;
			targetProxy = 6E66E6F71DAE115400B13701 /* PBXContainerItemProxy */;
		};
/* End PBXTargetDependency section */

/* Begin PBXVariantGroup section */
		6E66E6DE1DAE115400B13701 /* Main.storyboard */ = {
			isa = PBXVariantGroup;
			children = (
				6E66E6DF1DAE115400B13701 /* Base */,
			);
			name = Main.storyboard;
			sourceTree = "<group>";
		};
		6E66E6E31DAE115400B13701 /* LaunchScreen.storyboard */ = {
			isa = PBXVariantGroup;
			children = (
				6E66E6E41DAE115400B13701 /* Base */,
			);
			name = LaunchScreen.storyboard;
			sourceTree = "<group>";
		};
/* End PBXVariantGroup section */

/* Begin XCBuildConfiguration section */
		6E66E6FD1DAE115400B13701 /* Debug */ = {
			isa = XCBuildConfiguration;
			buildSettings = {
				ALWAYS_SEARCH_USER_PATHS = NO;
				CLANG_CXX_LANGUAGE_STANDARD = "gnu++0x";
				CLANG_CXX_LIBRARY = "libc++";
				CLANG_ENABLE_MODULES = YES;
				CLANG_ENABLE_OBJC_ARC = YES;
				CLANG_WARN_BOOL_CONVERSION = YES;
				CLANG_WARN_CONSTANT_CONVERSION = YES;
				CLANG_WARN_DIRECT_OBJC_ISA_USAGE = YES_ERROR;
				CLANG_WARN_EMPTY_BODY = YES;
				CLANG_WARN_ENUM_CONVERSION = YES;
				CLANG_WARN_INT_CONVERSION = YES;
				CLANG_WARN_OBJC_ROOT_CLASS = YES_ERROR;
				CLANG_WARN_UNREACHABLE_CODE = YES;
				CLANG_WARN__DUPLICATE_METHOD_MATCH = YES;
				"CODE_SIGN_IDENTITY[sdk=iphoneos*]" = "iPhone Developer";
				COPY_PHASE_STRIP = NO;
				DEBUG_INFORMATION_FORMAT = dwarf;
				ENABLE_STRICT_OBJC_MSGSEND = YES;
				ENABLE_TESTABILITY = YES;
				GCC_C_LANGUAGE_STANDARD = gnu99;
				GCC_DYNAMIC_NO_PIC = NO;
				GCC_NO_COMMON_BLOCKS = YES;
				GCC_OPTIMIZATION_LEVEL = 0;
				GCC_PREPROCESSOR_DEFINITIONS = (
					"DEBUG=1",
					"$(inherited)",
				);
				GCC_WARN_64_TO_32_BIT_CONVERSION = YES;
				GCC_WARN_ABOUT_RETURN_TYPE = YES_ERROR;
				GCC_WARN_UNDECLARED_SELECTOR = YES;
				GCC_WARN_UNINITIALIZED_AUTOS = YES_AGGRESSIVE;
				GCC_WARN_UNUSED_FUNCTION = YES;
				GCC_WARN_UNUSED_VARIABLE = YES;
				IPHONEOS_DEPLOYMENT_TARGET = 9.2;
				MTL_ENABLE_DEBUG_INFO = YES;
				ONLY_ACTIVE_ARCH = YES;
				SDKROOT = iphoneos;
				SWIFT_OPTIMIZATION_LEVEL = "-Onone";
			};
			name = Debug;
		};
		6E66E6FE1DAE115400B13701 /* Release */ = {
			isa = XCBuildConfiguration;
			buildSettings = {
				ALWAYS_SEARCH_USER_PATHS = NO;
				CLANG_CXX_LANGUAGE_STANDARD = "gnu++0x";
				CLANG_CXX_LIBRARY = "libc++";
				CLANG_ENABLE_MODULES = YES;
				CLANG_ENABLE_OBJC_ARC = YES;
				CLANG_WARN_BOOL_CONVERSION = YES;
				CLANG_WARN_CONSTANT_CONVERSION = YES;
				CLANG_WARN_DIRECT_OBJC_ISA_USAGE = YES_ERROR;
				CLANG_WARN_EMPTY_BODY = YES;
				CLANG_WARN_ENUM_CONVERSION = YES;
				CLANG_WARN_INT_CONVERSION = YES;
				CLANG_WARN_OBJC_ROOT_CLASS = YES_ERROR;
				CLANG_WARN_UNREACHABLE_CODE = YES;
				CLANG_WARN__DUPLICATE_METHOD_MATCH = YES;
				"CODE_SIGN_IDENTITY[sdk=iphoneos*]" = "iPhone Developer";
				COPY_PHASE_STRIP = NO;
				DEBUG_INFORMATION_FORMAT = "dwarf-with-dsym";
				ENABLE_NS_ASSERTIONS = NO;
				ENABLE_STRICT_OBJC_MSGSEND = YES;
				GCC_C_LANGUAGE_STANDARD = gnu99;
				GCC_NO_COMMON_BLOCKS = YES;
				GCC_WARN_64_TO_32_BIT_CONVERSION = YES;
				GCC_WARN_ABOUT_RETURN_TYPE = YES_ERROR;
				GCC_WARN_UNDECLARED_SELECTOR = YES;
				GCC_WARN_UNINITIALIZED_AUTOS = YES_AGGRESSIVE;
				GCC_WARN_UNUSED_FUNCTION = YES;
				GCC_WARN_UNUSED_VARIABLE = YES;
				IPHONEOS_DEPLOYMENT_TARGET = 9.2;
				MTL_ENABLE_DEBUG_INFO = NO;
				SDKROOT = iphoneos;
				VALIDATE_PRODUCT = YES;
			};
			name = Release;
		};
		6E66E7001DAE115400B13701 /* Debug */ = {
			isa = XCBuildConfiguration;
			buildSettings = {
				ASSETCATALOG_COMPILER_APPICON_NAME = AppIcon;
				CODE_SIGN_IDENTITY = "iPhone Developer";
				"CODE_SIGN_IDENTITY[sdk=iphoneos*]" = "iPhone Developer";
				INFOPLIST_FILE = 2_2_to_project/Info.plist;
				IPHONEOS_DEPLOYMENT_TARGET = 9.3;
				LD_RUNPATH_SEARCH_PATHS = "$(inherited) @executable_path/Frameworks";
				PRODUCT_BUNDLE_IDENTIFIER = ac.kr.ditapps.busanfest;
				PRODUCT_NAME = "$(TARGET_NAME)";
				PROVISIONING_PROFILE = "";
			};
			name = Debug;
		};
		6E66E7011DAE115400B13701 /* Release */ = {
			isa = XCBuildConfiguration;
			buildSettings = {
				ASSETCATALOG_COMPILER_APPICON_NAME = AppIcon;
				CODE_SIGN_IDENTITY = "iPhone Developer";
				"CODE_SIGN_IDENTITY[sdk=iphoneos*]" = "iPhone Developer";
				INFOPLIST_FILE = 2_2_to_project/Info.plist;
				IPHONEOS_DEPLOYMENT_TARGET = 9.3;
				LD_RUNPATH_SEARCH_PATHS = "$(inherited) @executable_path/Frameworks";
				PRODUCT_BUNDLE_IDENTIFIER = ac.kr.ditapps.busanfest;
				PRODUCT_NAME = "$(TARGET_NAME)";
				PROVISIONING_PROFILE = "";
			};
			name = Release;
		};
		6E66E7031DAE115400B13701 /* Debug */ = {
			isa = XCBuildConfiguration;
			buildSettings = {
				BUNDLE_LOADER = "$(TEST_HOST)";
				INFOPLIST_FILE = 2_2_to_projectTests/Info.plist;
				LD_RUNPATH_SEARCH_PATHS = "$(inherited) @executable_path/Frameworks @loader_path/Frameworks";
				PRODUCT_BUNDLE_IDENTIFIER = "test.--2-to-projectTests";
				PRODUCT_NAME = "$(TARGET_NAME)";
				TEST_HOST = "$(BUILT_PRODUCTS_DIR)/2_2_to_project.app/2_2_to_project";
			};
			name = Debug;
		};
		6E66E7041DAE115400B13701 /* Release */ = {
			isa = XCBuildConfiguration;
			buildSettings = {
				BUNDLE_LOADER = "$(TEST_HOST)";
				INFOPLIST_FILE = 2_2_to_projectTests/Info.plist;
				LD_RUNPATH_SEARCH_PATHS = "$(inherited) @executable_path/Frameworks @loader_path/Frameworks";
				PRODUCT_BUNDLE_IDENTIFIER = "test.--2-to-projectTests";
				PRODUCT_NAME = "$(TARGET_NAME)";
				TEST_HOST = "$(BUILT_PRODUCTS_DIR)/2_2_to_project.app/2_2_to_project";
			};
			name = Release;
		};
		6E66E7061DAE115400B13701 /* Debug */ = {
			isa = XCBuildConfiguration;
			buildSettings = {
				INFOPLIST_FILE = 2_2_to_projectUITests/Info.plist;
				LD_RUNPATH_SEARCH_PATHS = "$(inherited) @executable_path/Frameworks @loader_path/Frameworks";
				PRODUCT_BUNDLE_IDENTIFIER = "test.--2-to-projectUITests";
				PRODUCT_NAME = "$(TARGET_NAME)";
				TEST_TARGET_NAME = 2_2_to_project;
				USES_XCTRUNNER = YES;
			};
			name = Debug;
		};
		6E66E7071DAE115400B13701 /* Release */ = {
			isa = XCBuildConfiguration;
			buildSettings = {
				INFOPLIST_FILE = 2_2_to_projectUITests/Info.plist;
				LD_RUNPATH_SEARCH_PATHS = "$(inherited) @executable_path/Frameworks @loader_path/Frameworks";
				PRODUCT_BUNDLE_IDENTIFIER = "test.--2-to-projectUITests";
				PRODUCT_NAME = "$(TARGET_NAME)";
				TEST_TARGET_NAME = 2_2_to_project;
				USES_XCTRUNNER = YES;
			};
			name = Release;
		};
/* End XCBuildConfiguration section */

/* Begin XCConfigurationList section */
		6E66E6D21DAE115400B13701 /* Build configuration list for PBXProject "2_2_to_project" */ = {
			isa = XCConfigurationList;
			buildConfigurations = (
				6E66E6FD1DAE115400B13701 /* Debug */,
				6E66E6FE1DAE115400B13701 /* Release */,
			);
			defaultConfigurationIsVisible = 0;
			defaultConfigurationName = Release;
		};
		6E66E6FF1DAE115400B13701 /* Build configuration list for PBXNativeTarget "2_2_to_project" */ = {
			isa = XCConfigurationList;
			buildConfigurations = (
				6E66E7001DAE115400B13701 /* Debug */,
				6E66E7011DAE115400B13701 /* Release */,
			);
			defaultConfigurationIsVisible = 0;
			defaultConfigurationName = Release;
		};
		6E66E7021DAE115400B13701 /* Build configuration list for PBXNativeTarget "2_2_to_projectTests" */ = {
			isa = XCConfigurationList;
			buildConfigurations = (
				6E66E7031DAE115400B13701 /* Debug */,
				6E66E7041DAE115400B13701 /* Release */,
			);
			defaultConfigurationIsVisible = 0;
			defaultConfigurationName = Release;
		};
		6E66E7051DAE115400B13701 /* Build configuration list for PBXNativeTarget "2_2_to_projectUITests" */ = {
			isa = XCConfigurationList;
			buildConfigurations = (
				6E66E7061DAE115400B13701 /* Debug */,
				6E66E7071DAE115400B13701 /* Release */,
			);
			defaultConfigurationIsVisible = 0;
			defaultConfigurationName = Release;
		};
/* End XCConfigurationList section */
	};
	rootObject = 6E66E6CF1DAE115400B13701 /* Project object */;
}
